<?xml version="1.0" encoding="utf-8"?>
<Project ToolsVersion="4.0" xmlns="http://schemas.microsoft.com/developer/msbuild/2003">
  <ItemGroup>
    <Filter Include="Source Files">
      <UniqueIdentifier>{4FC737F1-C7A5-4376-A066-2A32D752A2FF}</UniqueIdentifier>
      <Extensions>cpp;c;cc;cxx;c++;cppm;ixx;def;odl;idl;hpj;bat;asm;asmx</Extensions>
    </Filter>
    <Filter Include="Header Files">
      <UniqueIdentifier>{93995380-89BD-4b04-88EB-625FBE52EBFB}</UniqueIdentifier>
      <Extensions>h;hh;hpp;hxx;h++;hm;inl;inc;ipp;xsd</Extensions>
    </Filter>
    <Filter Include="Resource Files">
      <UniqueIdentifier>{67DA6AB6-F800-4c08-8B7A-83BB121AAD01}</UniqueIdentifier>
      <Extensions>rc;ico;cur;bmp;dlg;rc2;rct;bin;rgs;gif;jpg;jpeg;jpe;resx;tiff;tif;png;wav;mfcribbon-ms</Extensions>
    </Filter>
    <Filter Include="Source Files\ImGui">
      <UniqueIdentifier>{93c90ebf-8ef4-479d-88a7-25a739ab6e53}</UniqueIdentifier>
    </Filter>
    <Filter Include="ImGui">
      <UniqueIdentifier>{03a197d5-6d14-4939-b116-eba9b337b48a}</UniqueIdentifier>
    </Filter>
    <Filter Include="Source Files\Modules">
      <UniqueIdentifier>{36a96462-b4b0-405f-b090-a8f839f0d3c0}</UniqueIdentifier>
    </Filter>
    <Filter Include="Header Files\Modules">
      <UniqueIdentifier>{c9626d50-6219-4368-8b2b-fd458e59f845}</UniqueIdentifier>
    </Filter>
    <Filter Include="Source Files\plugixml">
      <UniqueIdentifier>{246949a0-5e70-4b67-a24c-c1ace78c8a98}</UniqueIdentifier>
    </Filter>
    <Filter Include="Source Files\GUI">
      <UniqueIdentifier>{fb22ea13-314b-45bd-87d2-cb3981517264}</UniqueIdentifier>
    </Filter>
    <Filter Include="Header Files\GUI">
      <UniqueIdentifier>{c7c7fa42-a585-4e65-99e8-c170e3791037}</UniqueIdentifier>
    </Filter>
    <Filter Include="Header Files\Modules\QueryEditorModule">
      <UniqueIdentifier>{4b24c65a-bdac-4531-9e83-7990629860b8}</UniqueIdentifier>
    </Filter>
    <Filter Include="Header Files\Modules\ColorCodingModule">
      <UniqueIdentifier>{a6d74a84-fbea-4a3c-a49d-4794570c5bf5}</UniqueIdentifier>
    </Filter>
    <Filter Include="Header Files\Modules\NamingConventionModule">
      <UniqueIdentifier>{5bbcab69-ec5c-467b-966f-9fa50d0b502d}</UniqueIdentifier>
    </Filter>
    <Filter Include="Header Files\Modules\Helper">
      <UniqueIdentifier>{b6e0ad99-fb72-4339-bc68-ee1e9b3d1e21}</UniqueIdentifier>
    </Filter>
    <Filter Include="Source Files\ImGui\ImNodes">
      <UniqueIdentifier>{4fdb5e35-8bef-464f-ab71-c26b4e05fc53}</UniqueIdentifier>
    </Filter>
  </ItemGroup>
  <ItemGroup>
    <ClCompile Include="main.cpp">
      <Filter>Source Files</Filter>
    </ClCompile>
    <ClCompile Include="..\ThirdParty\backends\imgui_impl_dx10.cpp">
      <Filter>Source Files\ImGui</Filter>
    </ClCompile>
    <ClCompile Include="..\ThirdParty\backends\imgui_impl_win32.cpp">
      <Filter>Source Files\ImGui</Filter>
    </ClCompile>
    <ClCompile Include="..\ThirdParty\imgui.cpp">
      <Filter>ImGui</Filter>
    </ClCompile>
    <ClCompile Include="..\ThirdParty\imgui_demo.cpp">
      <Filter>ImGui</Filter>
    </ClCompile>
    <ClCompile Include="..\ThirdParty\imgui_draw.cpp">
      <Filter>ImGui</Filter>
    </ClCompile>
    <ClCompile Include="..\ThirdParty\imgui_tables.cpp">
      <Filter>ImGui</Filter>
    </ClCompile>
    <ClCompile Include="..\ThirdParty\imgui_widgets.cpp">
      <Filter>ImGui</Filter>
    </ClCompile>
    <ClCompile Include="WwizardWwiseClient.cpp">
      <Filter>Source Files</Filter>
    </ClCompile>
    <ClCompile Include="Application.cpp">
      <Filter>Source Files</Filter>
    </ClCompile>
    <ClCompile Include="SettingHandler.cpp">
      <Filter>Source Files</Filter>
    </ClCompile>
    <ClCompile Include="..\ThirdParty\imgui_stdlib.cpp">
      <Filter>ImGui</Filter>
    </ClCompile>
    <ClCompile Include="QueryEditorModule.cpp">
      <Filter>Source Files\Modules</Filter>
    </ClCompile>
    <ClCompile Include="SortOriginalsModule.cpp">
      <Filter>Source Files\Modules</Filter>
    </ClCompile>
    <ClCompile Include="..\ThirdParty\pugixml-1.12\src\pugixml.cpp">
      <Filter>Source Files\plugixml</Filter>
    </ClCompile>
    <ClCompile Include="NamingConventionModule.cpp">
      <Filter>Source Files\Modules</Filter>
    </ClCompile>
    <ClCompile Include="ToolboxModule.cpp">
      <Filter>Source Files\Modules</Filter>
    </ClCompile>
    <ClCompile Include="ColorCodingModule.cpp">
      <Filter>Source Files\Modules</Filter>
    </ClCompile>
    <ClCompile Include="SortOriginalsLayout.cpp">
      <Filter>Source Files\GUI</Filter>
    </ClCompile>
    <ClCompile Include="NamingConventionLayout.cpp">
      <Filter>Source Files\GUI</Filter>
    </ClCompile>
    <ClCompile Include="GUI.cpp">
      <Filter>Source Files\GUI</Filter>
    </ClCompile>
    <ClCompile Include="ColorCodingLayout.cpp">
      <Filter>Source Files\GUI</Filter>
    </ClCompile>
    <ClCompile Include="ToolboxLayout.cpp">
      <Filter>Source Files\GUI</Filter>
    </ClCompile>
    <ClCompile Include="QueryEditorLayout.cpp">
      <Filter>Source Files\GUI</Filter>
    </ClCompile>
    <ClCompile Include="SettingLayout.cpp">
      <Filter>Source Files\GUI</Filter>
    </ClCompile>
    <ClCompile Include="HomeLayout.cpp">
      <Filter>Source Files\GUI</Filter>
    </ClCompile>
    <ClCompile Include="BaseModule.cpp">
      <Filter>Source Files\Modules</Filter>
    </ClCompile>
    <ClCompile Include="..\ThirdParty\ImNodes\ImNodes.cpp">
      <Filter>Source Files\ImGui\ImNodes</Filter>
    </ClCompile>
    <ClCompile Include="..\ThirdParty\ImNodes\ImNodesEz.cpp">
      <Filter>Source Files\ImGui\ImNodes</Filter>
    </ClCompile>
  </ItemGroup>
  <ItemGroup>
    <ClInclude Include="..\ThirdParty\backends\imgui_impl_dx10.h">
      <Filter>Source Files\ImGui</Filter>
    </ClInclude>
    <ClInclude Include="..\ThirdParty\backends\imgui_impl_win32.h">
      <Filter>Source Files\ImGui</Filter>
    </ClInclude>
    <ClInclude Include="..\ThirdParty\imconfig.h">
      <Filter>ImGui</Filter>
    </ClInclude>
    <ClInclude Include="..\ThirdParty\imgui.h">
      <Filter>ImGui</Filter>
    </ClInclude>
    <ClInclude Include="..\ThirdParty\imgui_internal.h">
      <Filter>ImGui</Filter>
    </ClInclude>
    <ClInclude Include="..\ThirdParty\imstb_rectpack.h">
      <Filter>ImGui</Filter>
    </ClInclude>
    <ClInclude Include="..\ThirdParty\imstb_textedit.h">
      <Filter>ImGui</Filter>
    </ClInclude>
    <ClInclude Include="..\ThirdParty\imstb_truetype.h">
      <Filter>ImGui</Filter>
    </ClInclude>
    <ClInclude Include="WwizardWwiseClient.h">
      <Filter>Header Files</Filter>
    </ClInclude>
    <ClInclude Include="Application.h">
      <Filter>Header Files</Filter>
    </ClInclude>
    <ClInclude Include="SettingHandler.h">
      <Filter>Header Files</Filter>
    </ClInclude>
    <ClInclude Include="..\ThirdParty\imgui_stdlib.h">
      <Filter>ImGui</Filter>
    </ClInclude>
    <ClInclude Include="SortOriginalsModule.h">
      <Filter>Header Files\Modules</Filter>
    </ClInclude>
    <ClInclude Include="WwuLookUpData.h">
      <Filter>Header Files</Filter>
    </ClInclude>
    <ClInclude Include="ResultFile.h">
      <Filter>Header Files\Modules\Helper</Filter>
    </ClInclude>
    <ClInclude Include="ToolboxModule.h">
      <Filter>Header Files\Modules</Filter>
    </ClInclude>
    <ClInclude Include="GUI.h">
      <Filter>Header Files\GUI</Filter>
    </ClInclude>
    <ClInclude Include="SortOriginalsLayout.h">
      <Filter>Header Files\GUI</Filter>
    </ClInclude>
    <ClInclude Include="NamingConventionLayout.h">
      <Filter>Header Files\GUI</Filter>
    </ClInclude>
    <ClInclude Include="BaseLayout.h">
      <Filter>Header Files\GUI</Filter>
    </ClInclude>
    <ClInclude Include="ColorCodingLayout.h">
      <Filter>Header Files\GUI</Filter>
    </ClInclude>
    <ClInclude Include="WwiseColors.h">
      <Filter>Header Files\Modules\Helper</Filter>
    </ClInclude>
    <ClInclude Include="QueryEditorLayout.h">
      <Filter>Header Files\GUI</Filter>
    </ClInclude>
    <ClInclude Include="ToolboxLayout.h">
      <Filter>Header Files\GUI</Filter>
    </ClInclude>
    <ClInclude Include="SettingLayout.h">
      <Filter>Header Files\GUI</Filter>
    </ClInclude>
    <ClInclude Include="HomeLayout.h">
      <Filter>Header Files\GUI</Filter>
    </ClInclude>
    <ClInclude Include="BaseModule.h">
      <Filter>Header Files\Modules</Filter>
    </ClInclude>
    <ClInclude Include="helper.h">
      <Filter>Header Files\Modules\Helper</Filter>
    </ClInclude>
    <ClInclude Include="QueryEditorModule.h">
      <Filter>Header Files\Modules\QueryEditorModule</Filter>
    </ClInclude>
    <ClInclude Include="MyNode.h">
      <Filter>Header Files\Modules\QueryEditorModule</Filter>
    </ClInclude>
    <ClInclude Include="BaseQueryStructure.h">
      <Filter>Header Files\Modules\QueryEditorModule</Filter>
    </ClInclude>
    <ClInclude Include="QueryType.h">
      <Filter>Header Files\Modules\QueryEditorModule</Filter>
    </ClInclude>
    <ClInclude Include="ColorSetting.h">
      <Filter>Header Files\Modules\ColorCodingModule</Filter>
    </ClInclude>
    <ClInclude Include="ColorCodingModule.h">
      <Filter>Header Files\Modules\ColorCodingModule</Filter>
    </ClInclude>
    <ClInclude Include="ColorResult.h">
      <Filter>Header Files\Modules\ColorCodingModule</Filter>
    </ClInclude>
    <ClInclude Include="ColorSettingMode.h">
      <Filter>Header Files\Modules\ColorCodingModule</Filter>
    </ClInclude>
    <ClInclude Include="NamingConventionModule.h">
      <Filter>Header Files\Modules\NamingConventionModule</Filter>
    </ClInclude>
    <ClInclude Include="WwuSetting.h">
      <Filter>Header Files\Modules\NamingConventionModule</Filter>
    </ClInclude>
    <ClInclude Include="ContainerSetting.h">
      <Filter>Header Files\Modules\NamingConventionModule</Filter>
    </ClInclude>
    <ClInclude Include="NamingIssues.h">
      <Filter>Header Files\Modules\NamingConventionModule</Filter>
    </ClInclude>
    <ClInclude Include="..\ThirdParty\ImNodes\ImNodesEz.h">
      <Filter>Source Files\ImGui\ImNodes</Filter>
    </ClInclude>
    <ClInclude Include="..\ThirdParty\ImNodes\ImNodes.h">
      <Filter>Source Files\ImGui\ImNodes</Filter>
    </ClInclude>
  </ItemGroup>
</Project>